
Microsoft Visual Studio Solution File, Format Version 12.00
# Visual Studio Version 16
VisualStudioVersion = 16.0.30225.117
MinimumVisualStudioVersion = 10.0.40219.1
Project("{9A19103F-16F7-4668-BE54-9A1E7A4F7556}") = "Origin", "Origin.csproj", "{1331CC01-8441-4460-B161-21A05C1B4B88}"
EndProject
Global
	GlobalSection(SolutionConfigurationPlatforms) = preSolution
		Debug|Any CPU = Debug|Any CPU
		Release|Any CPU = Release|Any CPU
	EndGlobalSection
	GlobalSection(ProjectConfigurationPlatforms) = postSolution
		{1331CC01-8441-4460-B161-21A05C1B4B88}.Debug|Any CPU.ActiveCfg = Debug|Any CPU
		{1331CC01-8441-4460-B161-21A05C1B4B88}.Debug|Any CPU.Build.0 = Debug|Any CPU
		{1331CC01-8441-4460-B161-21A05C1B4B88}.Release|Any CPU.ActiveCfg = Release|Any CPU
		{1331CC01-8441-4460-B161-21A05C1B4B88}.Release|Any CPU.Build.0 = Release|Any CPU
	EndGlobalSection
	GlobalSection(SolutionProperties) = preSolution
		HideSolutionNode = FALSE
	EndGlobalSection
	GlobalSection(ExtensibilityGlobals) = postSolution
		SolutionGuid = {E351FA47-276F-44D9-935B-70E6BEDF4F72}
	EndGlobalSection
EndGlobal
